
Microsoft Visual Studio Solution File, Format Version 12.00
# Visual Studio Version 17
VisualStudioVersion = 17.1.32210.238
MinimumVisualStudioVersion = 10.0.40219.1
Project("{FAE04EC0-301F-11D3-BF4B-00C04F79EFBC}") = "MSAppException", "MSAppException.csproj", "{5844CD5C-ED47-48F9-86F5-1DD5AE65B6F3}"
EndProject
Project("{FAE04EC0-301F-11D3-BF4B-00C04F79EFBC}") = "MSTeSTException", "..\MSTeSTException\MSTeSTException.csproj", "{5ED93E62-6249-4CCF-8337-0EF275B73E97}"
EndProject
Global
	GlobalSection(SolutionConfigurationPlatforms) = preSolution
		Debug|Any CPU = Debug|Any CPU
		Release|Any CPU = Release|Any CPU
	EndGlobalSection
	GlobalSection(ProjectConfigurationPlatforms) = postSolution
		{5844CD5C-ED47-48F9-86F5-1DD5AE65B6F3}.Debug|Any CPU.ActiveCfg = Debug|Any CPU
		{5844CD5C-ED47-48F9-86F5-1DD5AE65B6F3}.Debug|Any CPU.Build.0 = Debug|Any CPU
		{5844CD5C-ED47-48F9-86F5-1DD5AE65B6F3}.Release|Any CPU.ActiveCfg = Release|Any CPU
		{5844CD5C-ED47-48F9-86F5-1DD5AE65B6F3}.Release|Any CPU.Build.0 = Release|Any CPU
		{5ED93E62-6249-4CCF-8337-0EF275B73E97}.Debug|Any CPU.ActiveCfg = Debug|Any CPU
		{5ED93E62-6249-4CCF-8337-0EF275B73E97}.Debug|Any CPU.Build.0 = Debug|Any CPU
		{5ED93E62-6249-4CCF-8337-0EF275B73E97}.Release|Any CPU.ActiveCfg = Release|Any CPU
		{5ED93E62-6249-4CCF-8337-0EF275B73E97}.Release|Any CPU.Build.0 = Release|Any CPU
	EndGlobalSection
	GlobalSection(SolutionProperties) = preSolution
		HideSolutionNode = FALSE
	EndGlobalSection
	GlobalSection(ExtensibilityGlobals) = postSolution
		SolutionGuid = {F966216A-3C2F-4852-BFC3-01BF1B16FDC2}
	EndGlobalSection
EndGlobal
